
Microsoft Visual Studio Solution File, Format Version 11.00
# Visual Studio 2010
Project("{FAE04EC0-301F-11D3-BF4B-00C04F79EFBC}") = "CQRS.Sample1.Client", "CQRS.Sample1.Client\CQRS.Sample1.Client.csproj", "{BE8B96AE-F528-4AF5-B908-7E0A4A4FB7CE}"
EndProject
Project("{FAE04EC0-301F-11D3-BF4B-00C04F79EFBC}") = "CQRS.Sample1.Commands", "CQRS.Sample1.Commands\CQRS.Sample1.Commands.csproj", "{04DFAE7D-DD1D-4CE9-A69C-5AF82071E251}"
EndProject
Project("{FAE04EC0-301F-11D3-BF4B-00C04F79EFBC}") = "CQRS.Sample1.Events", "CQRS.Sample1.Events\CQRS.Sample1.Events.csproj", "{1B9EBE41-5A92-44FD-AB31-A76A9C4804D9}"
EndProject
Project("{FAE04EC0-301F-11D3-BF4B-00C04F79EFBC}") = "CQRS.Sample1.Shared", "CQRS.Sample1.Shared\CQRS.Sample1.Shared.csproj", "{09381118-C909-49DC-B0E2-856C6BA1675A}"
EndProject
Project("{FAE04EC0-301F-11D3-BF4B-00C04F79EFBC}") = "CQRS.Sample1.Domain", "CQRS.Sample1.Domain\CQRS.Sample1.Domain.csproj", "{8FB60E10-D9CA-49C9-9D8E-3CB3118FFC3D}"
EndProject
Project("{FAE04EC0-301F-11D3-BF4B-00C04F79EFBC}") = "CQRS.Sample1.EventStore", "CQRS.Sample1.EventStore\CQRS.Sample1.EventStore.csproj", "{6B8DA6C0-36A3-4DD6-8EB5-63E315831868}"
EndProject
Project("{FAE04EC0-301F-11D3-BF4B-00C04F79EFBC}") = "CQRS.Sample1.Benchmark", "CQRS.Sample1.Benchmark\CQRS.Sample1.Benchmark.csproj", "{D1CA202D-A9ED-46CF-903D-07BC69DDE07D}"
EndProject
Project("{FAE04EC0-301F-11D3-BF4B-00C04F79EFBC}") = "CQRS.Sample1.Client.WebMvc", "CQRS.Sample1.Client.WebMvc\CQRS.Sample1.Client.WebMvc.csproj", "{FDBEE870-A56D-4CFA-AFB5-3292B2E90218}"
EndProject
Project("{FAE04EC0-301F-11D3-BF4B-00C04F79EFBC}") = "CQRS.Sample1.Process", "CQRS.Sample1.Process\CQRS.Sample1.Process.csproj", "{1D2585D7-F1A4-4DA5-8FE9-D67E0CD55214}"
EndProject
Global
	GlobalSection(SolutionConfigurationPlatforms) = preSolution
		Debug|Any CPU = Debug|Any CPU
		Debug|Mixed Platforms = Debug|Mixed Platforms
		Debug|x86 = Debug|x86
		Release|Any CPU = Release|Any CPU
		Release|Mixed Platforms = Release|Mixed Platforms
		Release|x86 = Release|x86
	EndGlobalSection
	GlobalSection(ProjectConfigurationPlatforms) = postSolution
		{BE8B96AE-F528-4AF5-B908-7E0A4A4FB7CE}.Debug|Any CPU.ActiveCfg = Debug|x86
		{BE8B96AE-F528-4AF5-B908-7E0A4A4FB7CE}.Debug|Mixed Platforms.ActiveCfg = Debug|x86
		{BE8B96AE-F528-4AF5-B908-7E0A4A4FB7CE}.Debug|Mixed Platforms.Build.0 = Debug|x86
		{BE8B96AE-F528-4AF5-B908-7E0A4A4FB7CE}.Debug|x86.ActiveCfg = Debug|x86
		{BE8B96AE-F528-4AF5-B908-7E0A4A4FB7CE}.Debug|x86.Build.0 = Debug|x86
		{BE8B96AE-F528-4AF5-B908-7E0A4A4FB7CE}.Release|Any CPU.ActiveCfg = Release|x86
		{BE8B96AE-F528-4AF5-B908-7E0A4A4FB7CE}.Release|Mixed Platforms.ActiveCfg = Release|x86
		{BE8B96AE-F528-4AF5-B908-7E0A4A4FB7CE}.Release|Mixed Platforms.Build.0 = Release|x86
		{BE8B96AE-F528-4AF5-B908-7E0A4A4FB7CE}.Release|x86.ActiveCfg = Release|x86
		{BE8B96AE-F528-4AF5-B908-7E0A4A4FB7CE}.Release|x86.Build.0 = Release|x86
		{04DFAE7D-DD1D-4CE9-A69C-5AF82071E251}.Debug|Any CPU.ActiveCfg = Debug|Any CPU
		{04DFAE7D-DD1D-4CE9-A69C-5AF82071E251}.Debug|Any CPU.Build.0 = Debug|Any CPU
		{04DFAE7D-DD1D-4CE9-A69C-5AF82071E251}.Debug|Mixed Platforms.ActiveCfg = Debug|Any CPU
		{04DFAE7D-DD1D-4CE9-A69C-5AF82071E251}.Debug|Mixed Platforms.Build.0 = Debug|Any CPU
		{04DFAE7D-DD1D-4CE9-A69C-5AF82071E251}.Debug|x86.ActiveCfg = Debug|Any CPU
		{04DFAE7D-DD1D-4CE9-A69C-5AF82071E251}.Release|Any CPU.ActiveCfg = Release|Any CPU
		{04DFAE7D-DD1D-4CE9-A69C-5AF82071E251}.Release|Any CPU.Build.0 = Release|Any CPU
		{04DFAE7D-DD1D-4CE9-A69C-5AF82071E251}.Release|Mixed Platforms.ActiveCfg = Release|Any CPU
		{04DFAE7D-DD1D-4CE9-A69C-5AF82071E251}.Release|Mixed Platforms.Build.0 = Release|Any CPU
		{04DFAE7D-DD1D-4CE9-A69C-5AF82071E251}.Release|x86.ActiveCfg = Release|Any CPU
		{1B9EBE41-5A92-44FD-AB31-A76A9C4804D9}.Debug|Any CPU.ActiveCfg = Debug|Any CPU
		{1B9EBE41-5A92-44FD-AB31-A76A9C4804D9}.Debug|Any CPU.Build.0 = Debug|Any CPU
		{1B9EBE41-5A92-44FD-AB31-A76A9C4804D9}.Debug|Mixed Platforms.ActiveCfg = Debug|Any CPU
		{1B9EBE41-5A92-44FD-AB31-A76A9C4804D9}.Debug|Mixed Platforms.Build.0 = Debug|Any CPU
		{1B9EBE41-5A92-44FD-AB31-A76A9C4804D9}.Debug|x86.ActiveCfg = Debug|Any CPU
		{1B9EBE41-5A92-44FD-AB31-A76A9C4804D9}.Release|Any CPU.ActiveCfg = Release|Any CPU
		{1B9EBE41-5A92-44FD-AB31-A76A9C4804D9}.Release|Any CPU.Build.0 = Release|Any CPU
		{1B9EBE41-5A92-44FD-AB31-A76A9C4804D9}.Release|Mixed Platforms.ActiveCfg = Release|Any CPU
		{1B9EBE41-5A92-44FD-AB31-A76A9C4804D9}.Release|Mixed Platforms.Build.0 = Release|Any CPU
		{1B9EBE41-5A92-44FD-AB31-A76A9C4804D9}.Release|x86.ActiveCfg = Release|Any CPU
		{09381118-C909-49DC-B0E2-856C6BA1675A}.Debug|Any CPU.ActiveCfg = Debug|Any CPU
		{09381118-C909-49DC-B0E2-856C6BA1675A}.Debug|Any CPU.Build.0 = Debug|Any CPU
		{09381118-C909-49DC-B0E2-856C6BA1675A}.Debug|Mixed Platforms.ActiveCfg = Debug|Any CPU
		{09381118-C909-49DC-B0E2-856C6BA1675A}.Debug|Mixed Platforms.Build.0 = Debug|Any CPU
		{09381118-C909-49DC-B0E2-856C6BA1675A}.Debug|x86.ActiveCfg = Debug|Any CPU
		{09381118-C909-49DC-B0E2-856C6BA1675A}.Release|Any CPU.ActiveCfg = Release|Any CPU
		{09381118-C909-49DC-B0E2-856C6BA1675A}.Release|Any CPU.Build.0 = Release|Any CPU
		{09381118-C909-49DC-B0E2-856C6BA1675A}.Release|Mixed Platforms.ActiveCfg = Release|Any CPU
		{09381118-C909-49DC-B0E2-856C6BA1675A}.Release|Mixed Platforms.Build.0 = Release|Any CPU
		{09381118-C909-49DC-B0E2-856C6BA1675A}.Release|x86.ActiveCfg = Release|Any CPU
		{8FB60E10-D9CA-49C9-9D8E-3CB3118FFC3D}.Debug|Any CPU.ActiveCfg = Debug|Any CPU
		{8FB60E10-D9CA-49C9-9D8E-3CB3118FFC3D}.Debug|Any CPU.Build.0 = Debug|Any CPU
		{8FB60E10-D9CA-49C9-9D8E-3CB3118FFC3D}.Debug|Mixed Platforms.ActiveCfg = Debug|Any CPU
		{8FB60E10-D9CA-49C9-9D8E-3CB3118FFC3D}.Debug|Mixed Platforms.Build.0 = Debug|Any CPU
		{8FB60E10-D9CA-49C9-9D8E-3CB3118FFC3D}.Debug|x86.ActiveCfg = Debug|Any CPU
		{8FB60E10-D9CA-49C9-9D8E-3CB3118FFC3D}.Release|Any CPU.ActiveCfg = Release|Any CPU
		{8FB60E10-D9CA-49C9-9D8E-3CB3118FFC3D}.Release|Any CPU.Build.0 = Release|Any CPU
		{8FB60E10-D9CA-49C9-9D8E-3CB3118FFC3D}.Release|Mixed Platforms.ActiveCfg = Release|Any CPU
		{8FB60E10-D9CA-49C9-9D8E-3CB3118FFC3D}.Release|Mixed Platforms.Build.0 = Release|Any CPU
		{8FB60E10-D9CA-49C9-9D8E-3CB3118FFC3D}.Release|x86.ActiveCfg = Release|Any CPU
		{6B8DA6C0-36A3-4DD6-8EB5-63E315831868}.Debug|Any CPU.ActiveCfg = Debug|Any CPU
		{6B8DA6C0-36A3-4DD6-8EB5-63E315831868}.Debug|Any CPU.Build.0 = Debug|Any CPU
		{6B8DA6C0-36A3-4DD6-8EB5-63E315831868}.Debug|Mixed Platforms.ActiveCfg = Debug|Any CPU
		{6B8DA6C0-36A3-4DD6-8EB5-63E315831868}.Debug|Mixed Platforms.Build.0 = Debug|Any CPU
		{6B8DA6C0-36A3-4DD6-8EB5-63E315831868}.Debug|x86.ActiveCfg = Debug|Any CPU
		{6B8DA6C0-36A3-4DD6-8EB5-63E315831868}.Release|Any CPU.ActiveCfg = Release|Any CPU
		{6B8DA6C0-36A3-4DD6-8EB5-63E315831868}.Release|Any CPU.Build.0 = Release|Any CPU
		{6B8DA6C0-36A3-4DD6-8EB5-63E315831868}.Release|Mixed Platforms.ActiveCfg = Release|Any CPU
		{6B8DA6C0-36A3-4DD6-8EB5-63E315831868}.Release|Mixed Platforms.Build.0 = Release|Any CPU
		{6B8DA6C0-36A3-4DD6-8EB5-63E315831868}.Release|x86.ActiveCfg = Release|Any CPU
		{D1CA202D-A9ED-46CF-903D-07BC69DDE07D}.Debug|Any CPU.ActiveCfg = Debug|x86
		{D1CA202D-A9ED-46CF-903D-07BC69DDE07D}.Debug|Mixed Platforms.ActiveCfg = Debug|x86
		{D1CA202D-A9ED-46CF-903D-07BC69DDE07D}.Debug|Mixed Platforms.Build.0 = Debug|x86
		{D1CA202D-A9ED-46CF-903D-07BC69DDE07D}.Debug|x86.ActiveCfg = Debug|x86
		{D1CA202D-A9ED-46CF-903D-07BC69DDE07D}.Debug|x86.Build.0 = Debug|x86
		{D1CA202D-A9ED-46CF-903D-07BC69DDE07D}.Release|Any CPU.ActiveCfg = Release|x86
		{D1CA202D-A9ED-46CF-903D-07BC69DDE07D}.Release|Mixed Platforms.ActiveCfg = Release|x86
		{D1CA202D-A9ED-46CF-903D-07BC69DDE07D}.Release|Mixed Platforms.Build.0 = Release|x86
		{D1CA202D-A9ED-46CF-903D-07BC69DDE07D}.Release|x86.ActiveCfg = Release|x86
		{D1CA202D-A9ED-46CF-903D-07BC69DDE07D}.Release|x86.Build.0 = Release|x86
		{FDBEE870-A56D-4CFA-AFB5-3292B2E90218}.Debug|Any CPU.ActiveCfg = Debug|Any CPU
		{FDBEE870-A56D-4CFA-AFB5-3292B2E90218}.Debug|Any CPU.Build.0 = Debug|Any CPU
		{FDBEE870-A56D-4CFA-AFB5-3292B2E90218}.Debug|Mixed Platforms.ActiveCfg = Debug|Any CPU
		{FDBEE870-A56D-4CFA-AFB5-3292B2E90218}.Debug|Mixed Platforms.Build.0 = Debug|Any CPU
		{FDBEE870-A56D-4CFA-AFB5-3292B2E90218}.Debug|x86.ActiveCfg = Debug|Any CPU
		{FDBEE870-A56D-4CFA-AFB5-3292B2E90218}.Release|Any CPU.ActiveCfg = Release|Any CPU
		{FDBEE870-A56D-4CFA-AFB5-3292B2E90218}.Release|Any CPU.Build.0 = Release|Any CPU
		{FDBEE870-A56D-4CFA-AFB5-3292B2E90218}.Release|Mixed Platforms.ActiveCfg = Release|Any CPU
		{FDBEE870-A56D-4CFA-AFB5-3292B2E90218}.Release|Mixed Platforms.Build.0 = Release|Any CPU
		{FDBEE870-A56D-4CFA-AFB5-3292B2E90218}.Release|x86.ActiveCfg = Release|Any CPU
		{1D2585D7-F1A4-4DA5-8FE9-D67E0CD55214}.Debug|Any CPU.ActiveCfg = Debug|Any CPU
		{1D2585D7-F1A4-4DA5-8FE9-D67E0CD55214}.Debug|Any CPU.Build.0 = Debug|Any CPU
		{1D2585D7-F1A4-4DA5-8FE9-D67E0CD55214}.Debug|Mixed Platforms.ActiveCfg = Debug|Any CPU
		{1D2585D7-F1A4-4DA5-8FE9-D67E0CD55214}.Debug|Mixed Platforms.Build.0 = Debug|Any CPU
		{1D2585D7-F1A4-4DA5-8FE9-D67E0CD55214}.Debug|x86.ActiveCfg = Debug|Any CPU
		{1D2585D7-F1A4-4DA5-8FE9-D67E0CD55214}.Release|Any CPU.ActiveCfg = Release|Any CPU
		{1D2585D7-F1A4-4DA5-8FE9-D67E0CD55214}.Release|Any CPU.Build.0 = Release|Any CPU
		{1D2585D7-F1A4-4DA5-8FE9-D67E0CD55214}.Release|Mixed Platforms.ActiveCfg = Release|Any CPU
		{1D2585D7-F1A4-4DA5-8FE9-D67E0CD55214}.Release|Mixed Platforms.Build.0 = Release|Any CPU
		{1D2585D7-F1A4-4DA5-8FE9-D67E0CD55214}.Release|x86.ActiveCfg = Release|Any CPU
	EndGlobalSection
	GlobalSection(SolutionProperties) = preSolution
		HideSolutionNode = FALSE
	EndGlobalSection
EndGlobal
